
Microsoft Visual Studio Solution File, Format Version 12.00
# Visual Studio Version 17
VisualStudioVersion = 17.0.31903.59
MinimumVisualStudioVersion = 10.0.40219.1
Project("{2150E333-8FDC-42A3-9474-1A3956D46DE8}") = "src", "src", "{827E0CD3-B72D-47B6-A68D-7590B98EB39B}"
EndProject
Project("{2150E333-8FDC-42A3-9474-1A3956D46DE8}") = "Core", "Core", "{8D626EA8-CB54-BC41-363A-217881BEBA6E}"
EndProject
Project("{FAE04EC0-301F-11D3-BF4B-00C04F79EFBC}") = "Colorado.BusinessEntityTransactionHistory.Core", "src\Core\Colorado.BusinessEntityTransactionHistory.Core.csproj", "{E0639F7E-4752-4F2C-BA11-ACEB2D4D767F}"
EndProject
Project("{2150E333-8FDC-42A3-9474-1A3956D46DE8}") = "Application", "Application", "{22BAF98C-8415-17C4-B26A-D537657BC863}"
EndProject
Project("{FAE04EC0-301F-11D3-BF4B-00C04F79EFBC}") = "Colorado.BusinessEntityTransactionHistory.Application", "src\Application\Colorado.BusinessEntityTransactionHistory.Application.csproj", "{75BE7816-6FBA-45C0-AB0A-8101892ACF28}"
EndProject
Project("{2150E333-8FDC-42A3-9474-1A3956D46DE8}") = "Infrastructure", "Infrastructure", "{9048EB7F-3875-A59E-E36B-5BD4C6F2A282}"
EndProject
Project("{FAE04EC0-301F-11D3-BF4B-00C04F79EFBC}") = "Colorado.BusinessEntityTransactionHistory.Infrastructure", "src\Infrastructure\Colorado.BusinessEntityTransactionHistory.Infrastructure.csproj", "{77A0A0A2-B476-45AB-B7AB-D31FF345FC9C}"
EndProject
Project("{2150E333-8FDC-42A3-9474-1A3956D46DE8}") = "Cli", "Cli", "{778427DF-EB2C-5228-964E-6D535DE253CA}"
EndProject
Project("{FAE04EC0-301F-11D3-BF4B-00C04F79EFBC}") = "Colorado.BusinessEntityTransactionHistory.Cli", "src\Cli\Colorado.BusinessEntityTransactionHistory.Cli.csproj", "{0F639EF2-2853-4844-B423-64EDDC20F514}"
EndProject
Project("{2150E333-8FDC-42A3-9474-1A3956D46DE8}") = "tests", "tests", "{0AB3BF05-4346-4AA6-1389-037BE0695223}"
EndProject
Project("{2150E333-8FDC-42A3-9474-1A3956D46DE8}") = "Unit", "Unit", "{9D556B49-86D1-93A7-9596-FFAAB74EC556}"
EndProject
Project("{2150E333-8FDC-42A3-9474-1A3956D46DE8}") = "Core.UnitTests", "Core.UnitTests", "{D0F4A3B6-0F00-677C-C254-16DF14E11818}"
EndProject
Project("{FAE04EC0-301F-11D3-BF4B-00C04F79EFBC}") = "Colorado.BusinessEntityTransactionHistory.Core.UnitTests", "tests\Unit\Core.UnitTests\Colorado.BusinessEntityTransactionHistory.Core.UnitTests.csproj", "{88B26950-A2FB-4215-983D-F59449746BF0}"
EndProject
Project("{2150E333-8FDC-42A3-9474-1A3956D46DE8}") = "Application.UnitTests", "Application.UnitTests", "{534F8059-57A7-F0BC-2692-5B7DAEA05BB9}"
EndProject
Project("{FAE04EC0-301F-11D3-BF4B-00C04F79EFBC}") = "Colorado.BusinessEntityTransactionHistory.Application.UnitTests", "tests\Unit\Application.UnitTests\Colorado.BusinessEntityTransactionHistory.Application.UnitTests.csproj", "{59E4E7E2-2CFE-47DD-9D73-DEBD3A4A5647}"
EndProject
Project("{2150E333-8FDC-42A3-9474-1A3956D46DE8}") = "Integration", "Integration", "{28A6993C-471E-82FE-7D9E-AD3B1EC22BD9}"
EndProject
Project("{2150E333-8FDC-42A3-9474-1A3956D46DE8}") = "Infrastructure.IntegrationTests", "Infrastructure.IntegrationTests", "{9366C5A4-FC3A-9650-9D88-CF6C93FD5A6C}"
EndProject
Project("{FAE04EC0-301F-11D3-BF4B-00C04F79EFBC}") = "Colorado.BusinessEntityTransactionHistory.Infrastructure.IntegrationTests", "tests\Integration\Infrastructure.IntegrationTests\Colorado.BusinessEntityTransactionHistory.Infrastructure.IntegrationTests.csproj", "{D2C4B5F7-152B-4279-98E7-DAFC32CE5862}"
EndProject
Project("{2150E333-8FDC-42A3-9474-1A3956D46DE8}") = "Contract", "Contract", "{53506FF3-1087-91DB-5731-19A6F3C92276}"
EndProject
Project("{2150E333-8FDC-42A3-9474-1A3956D46DE8}") = "Cli.ContractTests", "Cli.ContractTests", "{924FDD1F-8978-61C4-9A50-8924E3F18E97}"
EndProject
Project("{FAE04EC0-301F-11D3-BF4B-00C04F79EFBC}") = "Colorado.BusinessEntityTransactionHistory.Cli.ContractTests", "tests\Contract\Cli.ContractTests\Colorado.BusinessEntityTransactionHistory.Cli.ContractTests.csproj", "{EDE60FBC-2E4A-4D8C-BE02-D6DADCD0E1A9}"
EndProject
Global
	GlobalSection(SolutionConfigurationPlatforms) = preSolution
		Debug|Any CPU = Debug|Any CPU
		Debug|x64 = Debug|x64
		Debug|x86 = Debug|x86
		Release|Any CPU = Release|Any CPU
		Release|x64 = Release|x64
		Release|x86 = Release|x86
	EndGlobalSection
	GlobalSection(ProjectConfigurationPlatforms) = postSolution
		{E0639F7E-4752-4F2C-BA11-ACEB2D4D767F}.Debug|Any CPU.ActiveCfg = Debug|Any CPU
		{E0639F7E-4752-4F2C-BA11-ACEB2D4D767F}.Debug|Any CPU.Build.0 = Debug|Any CPU
		{E0639F7E-4752-4F2C-BA11-ACEB2D4D767F}.Debug|x64.ActiveCfg = Debug|Any CPU
		{E0639F7E-4752-4F2C-BA11-ACEB2D4D767F}.Debug|x64.Build.0 = Debug|Any CPU
		{E0639F7E-4752-4F2C-BA11-ACEB2D4D767F}.Debug|x86.ActiveCfg = Debug|Any CPU
		{E0639F7E-4752-4F2C-BA11-ACEB2D4D767F}.Debug|x86.Build.0 = Debug|Any CPU
		{E0639F7E-4752-4F2C-BA11-ACEB2D4D767F}.Release|Any CPU.ActiveCfg = Release|Any CPU
		{E0639F7E-4752-4F2C-BA11-ACEB2D4D767F}.Release|Any CPU.Build.0 = Release|Any CPU
		{E0639F7E-4752-4F2C-BA11-ACEB2D4D767F}.Release|x64.ActiveCfg = Release|Any CPU
		{E0639F7E-4752-4F2C-BA11-ACEB2D4D767F}.Release|x64.Build.0 = Release|Any CPU
		{E0639F7E-4752-4F2C-BA11-ACEB2D4D767F}.Release|x86.ActiveCfg = Release|Any CPU
		{E0639F7E-4752-4F2C-BA11-ACEB2D4D767F}.Release|x86.Build.0 = Release|Any CPU
		{75BE7816-6FBA-45C0-AB0A-8101892ACF28}.Debug|Any CPU.ActiveCfg = Debug|Any CPU
		{75BE7816-6FBA-45C0-AB0A-8101892ACF28}.Debug|Any CPU.Build.0 = Debug|Any CPU
		{75BE7816-6FBA-45C0-AB0A-8101892ACF28}.Debug|x64.ActiveCfg = Debug|Any CPU
		{75BE7816-6FBA-45C0-AB0A-8101892ACF28}.Debug|x64.Build.0 = Debug|Any CPU
		{75BE7816-6FBA-45C0-AB0A-8101892ACF28}.Debug|x86.ActiveCfg = Debug|Any CPU
		{75BE7816-6FBA-45C0-AB0A-8101892ACF28}.Debug|x86.Build.0 = Debug|Any CPU
		{75BE7816-6FBA-45C0-AB0A-8101892ACF28}.Release|Any CPU.ActiveCfg = Release|Any CPU
		{75BE7816-6FBA-45C0-AB0A-8101892ACF28}.Release|Any CPU.Build.0 = Release|Any CPU
		{75BE7816-6FBA-45C0-AB0A-8101892ACF28}.Release|x64.ActiveCfg = Release|Any CPU
		{75BE7816-6FBA-45C0-AB0A-8101892ACF28}.Release|x64.Build.0 = Release|Any CPU
		{75BE7816-6FBA-45C0-AB0A-8101892ACF28}.Release|x86.ActiveCfg = Release|Any CPU
		{75BE7816-6FBA-45C0-AB0A-8101892ACF28}.Release|x86.Build.0 = Release|Any CPU
		{77A0A0A2-B476-45AB-B7AB-D31FF345FC9C}.Debug|Any CPU.ActiveCfg = Debug|Any CPU
		{77A0A0A2-B476-45AB-B7AB-D31FF345FC9C}.Debug|Any CPU.Build.0 = Debug|Any CPU
		{77A0A0A2-B476-45AB-B7AB-D31FF345FC9C}.Debug|x64.ActiveCfg = Debug|Any CPU
		{77A0A0A2-B476-45AB-B7AB-D31FF345FC9C}.Debug|x64.Build.0 = Debug|Any CPU
		{77A0A0A2-B476-45AB-B7AB-D31FF345FC9C}.Debug|x86.ActiveCfg = Debug|Any CPU
		{77A0A0A2-B476-45AB-B7AB-D31FF345FC9C}.Debug|x86.Build.0 = Debug|Any CPU
		{77A0A0A2-B476-45AB-B7AB-D31FF345FC9C}.Release|Any CPU.ActiveCfg = Release|Any CPU
		{77A0A0A2-B476-45AB-B7AB-D31FF345FC9C}.Release|Any CPU.Build.0 = Release|Any CPU
		{77A0A0A2-B476-45AB-B7AB-D31FF345FC9C}.Release|x64.ActiveCfg = Release|Any CPU
		{77A0A0A2-B476-45AB-B7AB-D31FF345FC9C}.Release|x64.Build.0 = Release|Any CPU
		{77A0A0A2-B476-45AB-B7AB-D31FF345FC9C}.Release|x86.ActiveCfg = Release|Any CPU
		{77A0A0A2-B476-45AB-B7AB-D31FF345FC9C}.Release|x86.Build.0 = Release|Any CPU
		{0F639EF2-2853-4844-B423-64EDDC20F514}.Debug|Any CPU.ActiveCfg = Debug|Any CPU
		{0F639EF2-2853-4844-B423-64EDDC20F514}.Debug|Any CPU.Build.0 = Debug|Any CPU
		{0F639EF2-2853-4844-B423-64EDDC20F514}.Debug|x64.ActiveCfg = Debug|Any CPU
		{0F639EF2-2853-4844-B423-64EDDC20F514}.Debug|x64.Build.0 = Debug|Any CPU
		{0F639EF2-2853-4844-B423-64EDDC20F514}.Debug|x86.ActiveCfg = Debug|Any CPU
		{0F639EF2-2853-4844-B423-64EDDC20F514}.Debug|x86.Build.0 = Debug|Any CPU
		{0F639EF2-2853-4844-B423-64EDDC20F514}.Release|Any CPU.ActiveCfg = Release|Any CPU
		{0F639EF2-2853-4844-B423-64EDDC20F514}.Release|Any CPU.Build.0 = Release|Any CPU
		{0F639EF2-2853-4844-B423-64EDDC20F514}.Release|x64.ActiveCfg = Release|Any CPU
		{0F639EF2-2853-4844-B423-64EDDC20F514}.Release|x64.Build.0 = Release|Any CPU
		{0F639EF2-2853-4844-B423-64EDDC20F514}.Release|x86.ActiveCfg = Release|Any CPU
		{0F639EF2-2853-4844-B423-64EDDC20F514}.Release|x86.Build.0 = Release|Any CPU
		{88B26950-A2FB-4215-983D-F59449746BF0}.Debug|Any CPU.ActiveCfg = Debug|Any CPU
		{88B26950-A2FB-4215-983D-F59449746BF0}.Debug|Any CPU.Build.0 = Debug|Any CPU
		{88B26950-A2FB-4215-983D-F59449746BF0}.Debug|x64.ActiveCfg = Debug|Any CPU
		{88B26950-A2FB-4215-983D-F59449746BF0}.Debug|x64.Build.0 = Debug|Any CPU
		{88B26950-A2FB-4215-983D-F59449746BF0}.Debug|x86.ActiveCfg = Debug|Any CPU
		{88B26950-A2FB-4215-983D-F59449746BF0}.Debug|x86.Build.0 = Debug|Any CPU
		{88B26950-A2FB-4215-983D-F59449746BF0}.Release|Any CPU.ActiveCfg = Release|Any CPU
		{88B26950-A2FB-4215-983D-F59449746BF0}.Release|Any CPU.Build.0 = Release|Any CPU
		{88B26950-A2FB-4215-983D-F59449746BF0}.Release|x64.ActiveCfg = Release|Any CPU
		{88B26950-A2FB-4215-983D-F59449746BF0}.Release|x64.Build.0 = Release|Any CPU
		{88B26950-A2FB-4215-983D-F59449746BF0}.Release|x86.ActiveCfg = Release|Any CPU
		{88B26950-A2FB-4215-983D-F59449746BF0}.Release|x86.Build.0 = Release|Any CPU
		{59E4E7E2-2CFE-47DD-9D73-DEBD3A4A5647}.Debug|Any CPU.ActiveCfg = Debug|Any CPU
		{59E4E7E2-2CFE-47DD-9D73-DEBD3A4A5647}.Debug|Any CPU.Build.0 = Debug|Any CPU
		{59E4E7E2-2CFE-47DD-9D73-DEBD3A4A5647}.Debug|x64.ActiveCfg = Debug|Any CPU
		{59E4E7E2-2CFE-47DD-9D73-DEBD3A4A5647}.Debug|x64.Build.0 = Debug|Any CPU
		{59E4E7E2-2CFE-47DD-9D73-DEBD3A4A5647}.Debug|x86.ActiveCfg = Debug|Any CPU
		{59E4E7E2-2CFE-47DD-9D73-DEBD3A4A5647}.Debug|x86.Build.0 = Debug|Any CPU
		{59E4E7E2-2CFE-47DD-9D73-DEBD3A4A5647}.Release|Any CPU.ActiveCfg = Release|Any CPU
		{59E4E7E2-2CFE-47DD-9D73-DEBD3A4A5647}.Release|Any CPU.Build.0 = Release|Any CPU
		{59E4E7E2-2CFE-47DD-9D73-DEBD3A4A5647}.Release|x64.ActiveCfg = Release|Any CPU
		{59E4E7E2-2CFE-47DD-9D73-DEBD3A4A5647}.Release|x64.Build.0 = Release|Any CPU
		{59E4E7E2-2CFE-47DD-9D73-DEBD3A4A5647}.Release|x86.ActiveCfg = Release|Any CPU
		{59E4E7E2-2CFE-47DD-9D73-DEBD3A4A5647}.Release|x86.Build.0 = Release|Any CPU
		{D2C4B5F7-152B-4279-98E7-DAFC32CE5862}.Debug|Any CPU.ActiveCfg = Debug|Any CPU
		{D2C4B5F7-152B-4279-98E7-DAFC32CE5862}.Debug|Any CPU.Build.0 = Debug|Any CPU
		{D2C4B5F7-152B-4279-98E7-DAFC32CE5862}.Debug|x64.ActiveCfg = Debug|Any CPU
		{D2C4B5F7-152B-4279-98E7-DAFC32CE5862}.Debug|x64.Build.0 = Debug|Any CPU
		{D2C4B5F7-152B-4279-98E7-DAFC32CE5862}.Debug|x86.ActiveCfg = Debug|Any CPU
		{D2C4B5F7-152B-4279-98E7-DAFC32CE5862}.Debug|x86.Build.0 = Debug|Any CPU
		{D2C4B5F7-152B-4279-98E7-DAFC32CE5862}.Release|Any CPU.ActiveCfg = Release|Any CPU
		{D2C4B5F7-152B-4279-98E7-DAFC32CE5862}.Release|Any CPU.Build.0 = Release|Any CPU
		{D2C4B5F7-152B-4279-98E7-DAFC32CE5862}.Release|x64.ActiveCfg = Release|Any CPU
		{D2C4B5F7-152B-4279-98E7-DAFC32CE5862}.Release|x64.Build.0 = Release|Any CPU
		{D2C4B5F7-152B-4279-98E7-DAFC32CE5862}.Release|x86.ActiveCfg = Release|Any CPU
		{D2C4B5F7-152B-4279-98E7-DAFC32CE5862}.Release|x86.Build.0 = Release|Any CPU
		{EDE60FBC-2E4A-4D8C-BE02-D6DADCD0E1A9}.Debug|Any CPU.ActiveCfg = Debug|Any CPU
		{EDE60FBC-2E4A-4D8C-BE02-D6DADCD0E1A9}.Debug|Any CPU.Build.0 = Debug|Any CPU
		{EDE60FBC-2E4A-4D8C-BE02-D6DADCD0E1A9}.Debug|x64.ActiveCfg = Debug|Any CPU
		{EDE60FBC-2E4A-4D8C-BE02-D6DADCD0E1A9}.Debug|x64.Build.0 = Debug|Any CPU
		{EDE60FBC-2E4A-4D8C-BE02-D6DADCD0E1A9}.Debug|x86.ActiveCfg = Debug|Any CPU
		{EDE60FBC-2E4A-4D8C-BE02-D6DADCD0E1A9}.Debug|x86.Build.0 = Debug|Any CPU
		{EDE60FBC-2E4A-4D8C-BE02-D6DADCD0E1A9}.Release|Any CPU.ActiveCfg = Release|Any CPU
		{EDE60FBC-2E4A-4D8C-BE02-D6DADCD0E1A9}.Release|Any CPU.Build.0 = Release|Any CPU
		{EDE60FBC-2E4A-4D8C-BE02-D6DADCD0E1A9}.Release|x64.ActiveCfg = Release|Any CPU
		{EDE60FBC-2E4A-4D8C-BE02-D6DADCD0E1A9}.Release|x64.Build.0 = Release|Any CPU
		{EDE60FBC-2E4A-4D8C-BE02-D6DADCD0E1A9}.Release|x86.ActiveCfg = Release|Any CPU
		{EDE60FBC-2E4A-4D8C-BE02-D6DADCD0E1A9}.Release|x86.Build.0 = Release|Any CPU
	EndGlobalSection
	GlobalSection(SolutionProperties) = preSolution
		HideSolutionNode = FALSE
	EndGlobalSection
	GlobalSection(NestedProjects) = preSolution
		{8D626EA8-CB54-BC41-363A-217881BEBA6E} = {827E0CD3-B72D-47B6-A68D-7590B98EB39B}
		{E0639F7E-4752-4F2C-BA11-ACEB2D4D767F} = {8D626EA8-CB54-BC41-363A-217881BEBA6E}
		{22BAF98C-8415-17C4-B26A-D537657BC863} = {827E0CD3-B72D-47B6-A68D-7590B98EB39B}
		{75BE7816-6FBA-45C0-AB0A-8101892ACF28} = {22BAF98C-8415-17C4-B26A-D537657BC863}
		{9048EB7F-3875-A59E-E36B-5BD4C6F2A282} = {827E0CD3-B72D-47B6-A68D-7590B98EB39B}
		{77A0A0A2-B476-45AB-B7AB-D31FF345FC9C} = {9048EB7F-3875-A59E-E36B-5BD4C6F2A282}
		{778427DF-EB2C-5228-964E-6D535DE253CA} = {827E0CD3-B72D-47B6-A68D-7590B98EB39B}
		{0F639EF2-2853-4844-B423-64EDDC20F514} = {778427DF-EB2C-5228-964E-6D535DE253CA}
		{9D556B49-86D1-93A7-9596-FFAAB74EC556} = {0AB3BF05-4346-4AA6-1389-037BE0695223}
		{D0F4A3B6-0F00-677C-C254-16DF14E11818} = {9D556B49-86D1-93A7-9596-FFAAB74EC556}
		{88B26950-A2FB-4215-983D-F59449746BF0} = {D0F4A3B6-0F00-677C-C254-16DF14E11818}
		{534F8059-57A7-F0BC-2692-5B7DAEA05BB9} = {9D556B49-86D1-93A7-9596-FFAAB74EC556}
		{59E4E7E2-2CFE-47DD-9D73-DEBD3A4A5647} = {534F8059-57A7-F0BC-2692-5B7DAEA05BB9}
		{28A6993C-471E-82FE-7D9E-AD3B1EC22BD9} = {0AB3BF05-4346-4AA6-1389-037BE0695223}
		{9366C5A4-FC3A-9650-9D88-CF6C93FD5A6C} = {28A6993C-471E-82FE-7D9E-AD3B1EC22BD9}
		{D2C4B5F7-152B-4279-98E7-DAFC32CE5862} = {9366C5A4-FC3A-9650-9D88-CF6C93FD5A6C}
		{53506FF3-1087-91DB-5731-19A6F3C92276} = {0AB3BF05-4346-4AA6-1389-037BE0695223}
		{924FDD1F-8978-61C4-9A50-8924E3F18E97} = {53506FF3-1087-91DB-5731-19A6F3C92276}
		{EDE60FBC-2E4A-4D8C-BE02-D6DADCD0E1A9} = {924FDD1F-8978-61C4-9A50-8924E3F18E97}
	EndGlobalSection
EndGlobal
